<?xml version="1.0" encoding="utf-8"?>
<Project ToolsVersion="4.0" xmlns="http://schemas.microsoft.com/developer/msbuild/2003">
  <ItemGroup>
    <Filter Include="Common">
      <UniqueIdentifier>7c29c002-4668-4fe0-95c4-807b3f53368b</UniqueIdentifier>
    </Filter>
    <Filter Include="Assets">
      <UniqueIdentifier>5a78311f-af32-444a-b583-0bb7a1dc7277</UniqueIdentifier>
      <Extensions>ico;cur;bmp;dds;dlg;fbx;rct;bin;rgs;gif;jpg;jpeg;jpe;resx;tga;tiff;tif;png;wav;mfcribbon-ms</Extensions>
    </Filter>
    <Filter Include="Game">
      <UniqueIdentifier>{1a5516e2-2cae-491c-941b-57740391639b}</UniqueIdentifier>
    </Filter>
    <Filter Include="Game\Commons">
      <UniqueIdentifier>{e3c563c3-f00c-4772-bbe0-daefb331c2f7}</UniqueIdentifier>
    </Filter>
    <Filter Include="Game\GameObjects">
      <UniqueIdentifier>{1261f787-e945-4151-8755-6d564ccf1392}</UniqueIdentifier>
    </Filter>
    <Filter Include="Game\GameObjects\Camera">
      <UniqueIdentifier>{43495a2c-39c7-4ac4-9e2a-c24aa29fe44f}</UniqueIdentifier>
    </Filter>
    <Filter Include="Game\GameObjects\Player">
      <UniqueIdentifier>{381e9d0d-a2de-48ef-b780-5dcaf5e41fec}</UniqueIdentifier>
    </Filter>
    <Filter Include="Game\GameObjects\Field">
      <UniqueIdentifier>{20ba789a-21e6-4eab-8889-2c7adb52531f}</UniqueIdentifier>
    </Filter>
    <Filter Include="Game\Commons\Interface">
      <UniqueIdentifier>{69b22398-ffb5-4013-b2b5-5c301d9b4bbe}</UniqueIdentifier>
    </Filter>
    <Filter Include="Game\GameObjects\Player\State">
      <UniqueIdentifier>{59df6d8e-0e1d-425d-be2c-70627c62f587}</UniqueIdentifier>
    </Filter>
    <Filter Include="Game\GameObjects\Ball">
      <UniqueIdentifier>{2aad9e5d-c864-4f8d-8d3c-1228485c1cbb}</UniqueIdentifier>
    </Filter>
    <Filter Include="Game\GameObjects\Ball\State">
      <UniqueIdentifier>{147b6792-99aa-4f41-aa7a-6d2c77072396}</UniqueIdentifier>
    </Filter>
    <Filter Include="Game\GameObjects\Enemy">
      <UniqueIdentifier>{1b91ea82-f119-4d60-90c5-12f82db5ff08}</UniqueIdentifier>
    </Filter>
    <Filter Include="Game\GameObjects\Enemy\State">
      <UniqueIdentifier>{79b32416-741c-461d-a756-c0cbd922f5b9}</UniqueIdentifier>
    </Filter>
    <Filter Include="Game\GameObjects\AirTarget">
      <UniqueIdentifier>{190da48c-5b06-45ef-85fd-d217ead1f3a8}</UniqueIdentifier>
    </Filter>
    <Filter Include="Game\GameObjects\AirTarget\State">
      <UniqueIdentifier>{9f3744c1-85a4-40d8-ad74-5cd402c66441}</UniqueIdentifier>
    </Filter>
    <Filter Include="Game\GameObjects\Score">
      <UniqueIdentifier>{9ebb2606-ef36-4a45-b115-75286341dc27}</UniqueIdentifier>
    </Filter>
    <Filter Include="Game\GameObjects\Button">
      <UniqueIdentifier>{10246d2f-c1f5-46ac-8808-45e42b2ed659}</UniqueIdentifier>
    </Filter>
    <Filter Include="Game\GameObjects\UI">
      <UniqueIdentifier>{c4bcd554-8b54-46d5-86fa-d2f7df97534b}</UniqueIdentifier>
    </Filter>
    <Filter Include="Resources">
      <UniqueIdentifier>{0457a82e-a27f-48ff-8f0e-abff6efd7667}</UniqueIdentifier>
    </Filter>
    <Filter Include="Resources\Jsons">
      <UniqueIdentifier>{26ddaf98-b7e3-4725-bf3d-5c76087be48e}</UniqueIdentifier>
    </Filter>
    <Filter Include="Game\Scenes">
      <UniqueIdentifier>{b58fe231-7076-4598-9317-abc51fe6ec3f}</UniqueIdentifier>
    </Filter>
    <Filter Include="Game\GameObjects\Tutorial">
      <UniqueIdentifier>{1b660bba-3f68-43b1-b494-d41098b8c345}</UniqueIdentifier>
    </Filter>
    <Filter Include="Shaders">
      <UniqueIdentifier>{2722cd98-ca31-493f-883d-2e4d2f08a4d6}</UniqueIdentifier>
    </Filter>
    <Filter Include="Game\GameObjects\Particle">
      <UniqueIdentifier>{e28d5bf0-1d15-4d5e-9c86-84917babab0a}</UniqueIdentifier>
    </Filter>
  </ItemGroup>
  <ItemGroup>
    <ClInclude Include="pch.h" />
    <ClInclude Include="Game\Game.h">
      <Filter>Game</Filter>
    </ClInclude>
    <ClInclude Include="Game\Commons\Collision.h">
      <Filter>Game\Commons</Filter>
    </ClInclude>
    <ClInclude Include="Game\Commons\DebugFont.h">
      <Filter>Game\Commons</Filter>
    </ClInclude>
    <ClInclude Include="Game\Commons\SceneManager.h">
      <Filter>Game\Commons</Filter>
    </ClInclude>
    <ClInclude Include="Game\Commons\Sprite.h">
      <Filter>Game\Commons</Filter>
    </ClInclude>
    <ClInclude Include="Game\Commons\UserResources.h">
      <Filter>Game\Commons</Filter>
    </ClInclude>
    <ClInclude Include="Game\GameObjects\Camera\Camera.h">
      <Filter>Game\GameObjects\Camera</Filter>
    </ClInclude>
    <ClInclude Include="Game\GameObjects\Field\Field.h">
      <Filter>Game\GameObjects\Field</Filter>
    </ClInclude>
    <ClInclude Include="Game\GameObjects\Player\Player.h">
      <Filter>Game\GameObjects\Player</Filter>
    </ClInclude>
    <ClInclude Include="Game\Scenes\TitleScene.h">
      <Filter>Game\Scenes</Filter>
    </ClInclude>
    <ClInclude Include="Game\Scenes\GameplayScene.h">
      <Filter>Game\Scenes</Filter>
    </ClInclude>
    <ClInclude Include="Game\Commons\Interface\IState.h">
      <Filter>Game\Commons\Interface</Filter>
    </ClInclude>
    <ClInclude Include="Game\Commons\Interface\IEntity.h">
      <Filter>Game\Commons\Interface</Filter>
    </ClInclude>
    <ClInclude Include="Game\Commons\Factory.h">
      <Filter>Game\Commons</Filter>
    </ClInclude>
    <ClInclude Include="Game\Commons\Resources.h">
      <Filter>Game\Commons</Filter>
    </ClInclude>
    <ClInclude Include="Game\GameObjects\Ball\Ball.h">
      <Filter>Game\GameObjects\Ball</Filter>
    </ClInclude>
    <ClInclude Include="Game\GameObjects\Ball\State\Stopping.h">
      <Filter>Game\GameObjects\Ball\State</Filter>
    </ClInclude>
    <ClInclude Include="Game\GameObjects\Ball\State\Moving.h">
      <Filter>Game\GameObjects\Ball\State</Filter>
    </ClInclude>
    <ClInclude Include="Game\GameObjects\Ball\State\Catching.h">
      <Filter>Game\GameObjects\Ball\State</Filter>
    </ClInclude>
    <ClInclude Include="Game\Commons\Animation.h">
      <Filter>Game\Commons</Filter>
    </ClInclude>
    <ClInclude Include="Game\GameObjects\Camera\CameraUp.h">
      <Filter>Game\GameObjects\Camera</Filter>
    </ClInclude>
    <ClInclude Include="Game\GameObjects\Enemy\Enemy.h">
      <Filter>Game\GameObjects\Enemy</Filter>
    </ClInclude>
    <ClInclude Include="Game\GameObjects\Enemy\State\EnemyRunning.h">
      <Filter>Game\GameObjects\Enemy\State</Filter>
    </ClInclude>
    <ClInclude Include="Game\GameObjects\Enemy\State\EnemyStanding.h">
      <Filter>Game\GameObjects\Enemy\State</Filter>
    </ClInclude>
    <ClInclude Include="Game\GameObjects\Ball\BallManager.h">
      <Filter>Game\GameObjects\Ball</Filter>
    </ClInclude>
    <ClInclude Include="Game\GameObjects\Enemy\State\EnemyThrowingR.h">
      <Filter>Game\GameObjects\Enemy\State</Filter>
    </ClInclude>
    <ClInclude Include="Game\GameObjects\Player\State\PlayerCatching.h">
      <Filter>Game\GameObjects\Player\State</Filter>
    </ClInclude>
    <ClInclude Include="Game\GameObjects\AirTarget\AirTarget.h">
      <Filter>Game\GameObjects\AirTarget</Filter>
    </ClInclude>
    <ClInclude Include="Game\GameObjects\AirTarget\State\Hitting.h">
      <Filter>Game\GameObjects\AirTarget\State</Filter>
    </ClInclude>
    <ClInclude Include="Game\GameObjects\AirTarget\State\Floating.h">
      <Filter>Game\GameObjects\AirTarget\State</Filter>
    </ClInclude>
    <ClInclude Include="Game\GameObjects\Score\Score.h">
      <Filter>Game\GameObjects\Score</Filter>
    </ClInclude>
    <ClInclude Include="Game\GameObjects\Score\ScoreManager.h">
      <Filter>Game\GameObjects\Score</Filter>
    </ClInclude>
    <ClInclude Include="Game\Scenes\ResultScene.h">
      <Filter>Game\Scenes</Filter>
    </ClInclude>
    <ClInclude Include="Game\GameObjects\Enemy\State\EnemyDizzying.h">
      <Filter>Game\GameObjects\Enemy\State</Filter>
    </ClInclude>
    <ClInclude Include="Game\GameObjects\Enemy\State\EnemyThrowingL.h">
      <Filter>Game\GameObjects\Enemy\State</Filter>
    </ClInclude>
    <ClInclude Include="Game\GameObjects\Enemy\State\EnemyCatching.h">
      <Filter>Game\GameObjects\Enemy\State</Filter>
    </ClInclude>
    <ClInclude Include="Game\GameObjects\Button\Button.h">
      <Filter>Game\GameObjects\Button</Filter>
    </ClInclude>
    <ClInclude Include="Game\GameObjects\UI\AudioUI.h">
      <Filter>Game\GameObjects\UI</Filter>
    </ClInclude>
    <ClInclude Include="Game\GameObjects\UI\MenuUI.h">
      <Filter>Game\GameObjects\UI</Filter>
    </ClInclude>
    <ClInclude Include="Game\Scenes\TutorialScene.h">
      <Filter>Game\Scenes</Filter>
    </ClInclude>
    <ClInclude Include="Game\GameObjects\Tutorial\Arrow.h">
      <Filter>Game\GameObjects\Tutorial</Filter>
    </ClInclude>
    <ClInclude Include="Game\GameObjects\Particle\Particle.h">
      <Filter>Game\GameObjects\Particle</Filter>
    </ClInclude>
    <ClInclude Include="Game\GameObjects\Particle\ParticleUtility.h">
      <Filter>Game\GameObjects\Particle</Filter>
    </ClInclude>
    <ClInclude Include="Game\GameObjects\UI\FieldSelectUI.h">
      <Filter>Game\GameObjects\UI</Filter>
    </ClInclude>
    <ClInclude Include="Game\Commons\TransitionMask.h">
      <Filter>Game\Commons</Filter>
    </ClInclude>
    <ClInclude Include="Game\GameObjects\UI\GameMenuUI.h">
      <Filter>Game\GameObjects\UI</Filter>
    </ClInclude>
    <ClInclude Include="Game\Commons\BinaryFile.h">
      <Filter>Game\Commons</Filter>
    </ClInclude>
    <ClInclude Include="Common\DebugDraw.h">
      <Filter>Common</Filter>
    </ClInclude>
    <ClInclude Include="Common\DeviceResources.h">
      <Filter>Common</Filter>
    </ClInclude>
    <ClInclude Include="Common\json.hpp">
      <Filter>Common</Filter>
    </ClInclude>
    <ClInclude Include="Common\MemoryLeakDetector.h">
      <Filter>Common</Filter>
    </ClInclude>
    <ClInclude Include="Common\RenderTexture.h">
      <Filter>Common</Filter>
    </ClInclude>
    <ClInclude Include="Common\StepTimer.h">
      <Filter>Common</Filter>
    </ClInclude>
    <ClInclude Include="Game\Commons\Message.h">
      <Filter>Game\Commons</Filter>
    </ClInclude>
    <ClInclude Include="Game\Commons\Interface\IObject.h">
      <Filter>Game\Commons\Interface</Filter>
    </ClInclude>
    <ClInclude Include="Game\GameObjects\Player\State\PlayerDizzying.h">
      <Filter>Game\GameObjects\Player\State</Filter>
    </ClInclude>
    <ClInclude Include="Game\GameObjects\Player\State\PlayerRunning.h">
      <Filter>Game\GameObjects\Player\State</Filter>
    </ClInclude>
    <ClInclude Include="Game\GameObjects\Player\State\PlayerStanding.h">
      <Filter>Game\GameObjects\Player\State</Filter>
    </ClInclude>
    <ClInclude Include="Game\GameObjects\Player\State\PlayerThrowingL.h">
      <Filter>Game\GameObjects\Player\State</Filter>
    </ClInclude>
    <ClInclude Include="Game\GameObjects\Player\State\PlayerThrowingR.h">
      <Filter>Game\GameObjects\Player\State</Filter>
    </ClInclude>
    <ClInclude Include="Game\Commons\GameObjectMessenger.h">
      <Filter>Game\Commons</Filter>
    </ClInclude>
  </ItemGroup>
  <ItemGroup>
    <ClCompile Include="pch.cpp" />
    <ClCompile Include="Main.cpp" />
    <ClCompile Include="Game\Commons\Collision.cpp">
      <Filter>Game\Commons</Filter>
    </ClCompile>
    <ClCompile Include="Game\Commons\DebugFont.cpp">
      <Filter>Game\Commons</Filter>
    </ClCompile>
    <ClCompile Include="Game\Commons\SceneManager.cpp">
      <Filter>Game\Commons</Filter>
    </ClCompile>
    <ClCompile Include="Game\Commons\Sprite.cpp">
      <Filter>Game\Commons</Filter>
    </ClCompile>
    <ClCompile Include="Game\Commons\UserResources.cpp">
      <Filter>Game\Commons</Filter>
    </ClCompile>
    <ClCompile Include="Game\GameObjects\Camera\Camera.cpp">
      <Filter>Game\GameObjects\Camera</Filter>
    </ClCompile>
    <ClCompile Include="Game\GameObjects\Field\Field.cpp">
      <Filter>Game\GameObjects\Field</Filter>
    </ClCompile>
    <ClCompile Include="Game\GameObjects\Player\Player.cpp">
      <Filter>Game\GameObjects\Player</Filter>
    </ClCompile>
    <ClCompile Include="Game\Scenes\TitleScene.cpp">
      <Filter>Game\Scenes</Filter>
    </ClCompile>
    <ClCompile Include="Game\Scenes\GameplayScene.cpp">
      <Filter>Game\Scenes</Filter>
    </ClCompile>
    <ClCompile Include="Game\Commons\Factory.cpp">
      <Filter>Game\Commons</Filter>
    </ClCompile>
    <ClCompile Include="Game\Commons\Resources.cpp">
      <Filter>Game\Commons</Filter>
    </ClCompile>
    <ClCompile Include="Game\GameObjects\Ball\State\Stopping.cpp">
      <Filter>Game\GameObjects\Ball\State</Filter>
    </ClCompile>
    <ClCompile Include="Game\GameObjects\Ball\State\Moving.cpp">
      <Filter>Game\GameObjects\Ball\State</Filter>
    </ClCompile>
    <ClCompile Include="Game\GameObjects\Ball\State\Catching.cpp">
      <Filter>Game\GameObjects\Ball\State</Filter>
    </ClCompile>
    <ClCompile Include="Game\Commons\Animation.cpp">
      <Filter>Game\Commons</Filter>
    </ClCompile>
    <ClCompile Include="Game\GameObjects\Camera\CameraUp.cpp">
      <Filter>Game\GameObjects\Camera</Filter>
    </ClCompile>
    <ClCompile Include="Game\GameObjects\Enemy\Enemy.cpp">
      <Filter>Game\GameObjects\Enemy</Filter>
    </ClCompile>
    <ClCompile Include="Game\GameObjects\Enemy\State\EnemyRunning.cpp">
      <Filter>Game\GameObjects\Enemy\State</Filter>
    </ClCompile>
    <ClCompile Include="Game\GameObjects\Enemy\State\EnemyStanding.cpp">
      <Filter>Game\GameObjects\Enemy\State</Filter>
    </ClCompile>
    <ClCompile Include="Game\GameObjects\Ball\BallManager.cpp">
      <Filter>Game\GameObjects\Ball</Filter>
    </ClCompile>
    <ClCompile Include="Game\GameObjects\Enemy\State\EnemyThrowingR.cpp">
      <Filter>Game\GameObjects\Enemy\State</Filter>
    </ClCompile>
    <ClCompile Include="Game\GameObjects\Player\State\PlayerCatching.cpp">
      <Filter>Game\GameObjects\Player\State</Filter>
    </ClCompile>
    <ClCompile Include="Game\GameObjects\AirTarget\AirTarget.cpp">
      <Filter>Game\GameObjects\AirTarget</Filter>
    </ClCompile>
    <ClCompile Include="Game\GameObjects\AirTarget\State\Hitting.cpp">
      <Filter>Game\GameObjects\AirTarget\State</Filter>
    </ClCompile>
    <ClCompile Include="Game\GameObjects\AirTarget\State\Floating.cpp">
      <Filter>Game\GameObjects\AirTarget\State</Filter>
    </ClCompile>
    <ClCompile Include="Game\GameObjects\Score\Score.cpp">
      <Filter>Game\GameObjects\Score</Filter>
    </ClCompile>
    <ClCompile Include="Game\GameObjects\Score\ScoreManager.cpp">
      <Filter>Game\GameObjects\Score</Filter>
    </ClCompile>
    <ClCompile Include="Game\Scenes\ResultScene.cpp">
      <Filter>Game\Scenes</Filter>
    </ClCompile>
    <ClCompile Include="Game\GameObjects\Enemy\State\EnemyDizzying.cpp">
      <Filter>Game\GameObjects\Enemy\State</Filter>
    </ClCompile>
    <ClCompile Include="Game\GameObjects\Enemy\State\EnemyThrowingL.cpp">
      <Filter>Game\GameObjects\Enemy\State</Filter>
    </ClCompile>
    <ClCompile Include="Game\GameObjects\Enemy\State\EnemyCatching.cpp">
      <Filter>Game\GameObjects\Enemy\State</Filter>
    </ClCompile>
    <ClCompile Include="Game\Game.cpp">
      <Filter>Game</Filter>
    </ClCompile>
    <ClCompile Include="Game\GameObjects\Button\Button.cpp">
      <Filter>Game\GameObjects\Button</Filter>
    </ClCompile>
    <ClCompile Include="Game\GameObjects\UI\AudioUI.cpp">
      <Filter>Game\GameObjects\UI</Filter>
    </ClCompile>
    <ClCompile Include="Game\GameObjects\UI\MenuUI.cpp">
      <Filter>Game\GameObjects\UI</Filter>
    </ClCompile>
    <ClCompile Include="Game\Scenes\TutorialScene.cpp">
      <Filter>Game\Scenes</Filter>
    </ClCompile>
    <ClCompile Include="Game\GameObjects\Tutorial\Arrow.cpp">
      <Filter>Game\GameObjects\Tutorial</Filter>
    </ClCompile>
    <ClCompile Include="Game\GameObjects\Particle\Particle.cpp">
      <Filter>Game\GameObjects\Particle</Filter>
    </ClCompile>
    <ClCompile Include="Game\GameObjects\Particle\ParticleUtility.cpp">
      <Filter>Game\GameObjects\Particle</Filter>
    </ClCompile>
    <ClCompile Include="Game\GameObjects\UI\FieldSelectUI.cpp">
      <Filter>Game\GameObjects\UI</Filter>
    </ClCompile>
    <ClCompile Include="Game\Commons\TransitionMask.cpp">
      <Filter>Game\Commons</Filter>
    </ClCompile>
    <ClCompile Include="Game\GameObjects\UI\GameMenuUI.cpp">
      <Filter>Game\GameObjects\UI</Filter>
    </ClCompile>
    <ClCompile Include="Game\Commons\BinaryFile.cpp">
      <Filter>Game\Commons</Filter>
    </ClCompile>
    <ClCompile Include="Common\DebugDraw.cpp">
      <Filter>Common</Filter>
    </ClCompile>
    <ClCompile Include="Common\DeviceResources.cpp">
      <Filter>Common</Filter>
    </ClCompile>
    <ClCompile Include="Common\RenderTexture.cpp">
      <Filter>Common</Filter>
    </ClCompile>
    <ClCompile Include="Game\GameObjects\Ball\Ball.cpp">
      <Filter>Game\GameObjects\Ball</Filter>
    </ClCompile>
    <ClCompile Include="Game\GameObjects\Player\State\PlayerDizzying.cpp">
      <Filter>Game\GameObjects\Player\State</Filter>
    </ClCompile>
    <ClCompile Include="Game\GameObjects\Player\State\PlayerRunning.cpp">
      <Filter>Game\GameObjects\Player\State</Filter>
    </ClCompile>
    <ClCompile Include="Game\GameObjects\Player\State\PlayerStanding.cpp">
      <Filter>Game\GameObjects\Player\State</Filter>
    </ClCompile>
    <ClCompile Include="Game\GameObjects\Player\State\PlayerThrowingL.cpp">
      <Filter>Game\GameObjects\Player\State</Filter>
    </ClCompile>
    <ClCompile Include="Game\GameObjects\Player\State\PlayerThrowingR.cpp">
      <Filter>Game\GameObjects\Player\State</Filter>
    </ClCompile>
    <ClCompile Include="Game\Commons\GameObjectMessenger.cpp">
      <Filter>Game\Commons</Filter>
    </ClCompile>
  </ItemGroup>
  <ItemGroup>
    <ResourceCompile Include="resource.rc" />
  </ItemGroup>
  <ItemGroup>
    <Image Include="directx.ico">
      <Filter>Assets</Filter>
    </Image>
  </ItemGroup>
  <ItemGroup>
    <Manifest Include="settings.manifest">
      <Filter>Assets</Filter>
    </Manifest>
  </ItemGroup>
  <ItemGroup>
    <None Include="packages.config" />
    <None Include="Resources\Jsons\Enemy.json">
      <Filter>Resources\Jsons</Filter>
    </None>
    <None Include="Resources\Jsons\Player.json">
      <Filter>Resources\Jsons</Filter>
    </None>
    <None Include="Resources\Jsons\AirTarget.json">
      <Filter>Resources\Jsons</Filter>
    </None>
    <None Include="Resources\Jsons\Ball.json">
      <Filter>Resources\Jsons</Filter>
    </None>
    <None Include="Resources\Jsons\AudioUI.json">
      <Filter>Resources\Jsons</Filter>
    </None>
    <None Include="Shaders\Particle.hlsli">
      <Filter>Shaders</Filter>
    </None>
    <None Include="Resources\Jsons\FieldSelect.json">
      <Filter>Resources\Jsons</Filter>
    </None>
    <None Include="Resources\Jsons\CameraUp.json">
      <Filter>Resources\Jsons</Filter>
    </None>
    <None Include="Resources\Jsons\Arrow.json">
      <Filter>Resources\Jsons</Filter>
    </None>
    <None Include="Resources\Jsons\Mouse.json">
      <Filter>Resources\Jsons</Filter>
    </None>
    <None Include="Resources\Jsons\EnemyAI.json">
      <Filter>Resources\Jsons</Filter>
    </None>
  </ItemGroup>
  <ItemGroup>
    <FxCompile Include="Shaders\ParticleGS.hlsl">
      <Filter>Shaders</Filter>
    </FxCompile>
    <FxCompile Include="Shaders\ParticlePS.hlsl">
      <Filter>Shaders</Filter>
    </FxCompile>
    <FxCompile Include="Shaders\ParticleVS.hlsl">
      <Filter>Shaders</Filter>
    </FxCompile>
    <FxCompile Include="Shaders\FadePS.hlsl">
      <Filter>Shaders</Filter>
    </FxCompile>
  </ItemGroup>
</Project>